
Microsoft Visual Studio Solution File, Format Version 12.00
# Visual Studio Version 17
VisualStudioVersion = 17.12.35527.113 d17.12
MinimumVisualStudioVersion = 10.0.40219.1
Project("{FAE04EC0-301F-11D3-BF4B-00C04F79EFBC}") = "SP_HW_1", "SP_HW_1\SP_HW_1.csproj", "{D5ACCE60-293B-4DF5-8314-34C8C66FF71D}"
EndProject
Global
	GlobalSection(SolutionConfigurationPlatforms) = preSolution
		Debug|Any CPU = Debug|Any CPU
		Release|Any CPU = Release|Any CPU
	EndGlobalSection
	GlobalSection(ProjectConfigurationPlatforms) = postSolution
		{D5ACCE60-293B-4DF5-8314-34C8C66FF71D}.Debug|Any CPU.ActiveCfg = Debug|Any CPU
		{D5ACCE60-293B-4DF5-8314-34C8C66FF71D}.Debug|Any CPU.Build.0 = Debug|Any CPU
		{D5ACCE60-293B-4DF5-8314-34C8C66FF71D}.Release|Any CPU.ActiveCfg = Release|Any CPU
		{D5ACCE60-293B-4DF5-8314-34C8C66FF71D}.Release|Any CPU.Build.0 = Release|Any CPU
	EndGlobalSection
	GlobalSection(SolutionProperties) = preSolution
		HideSolutionNode = FALSE
	EndGlobalSection
EndGlobal
